
Microsoft Visual Studio Solution File, Format Version 12.00
# Visual Studio 2013
VisualStudioVersion = 12.0.30501.0
MinimumVisualStudioVersion = 10.0.40219.1
Project("{8BC9CEB8-8B4A-11D0-8D11-00A0C91BC942}") = "ModbusTCP", "ModbusTCP\ModbusTCP.vcxproj", "{D1087E57-DF8E-4CB9-8DD3-2D8B026D1BDC}"
EndProject
Project("{8BC9CEB8-8B4A-11D0-8D11-00A0C91BC942}") = "ModbusRTU", "ModbusRTU\ModbusRTU.vcxproj", "{00170E9A-F324-46FF-9FB5-6EB6B24B3829}"
EndProject
Project("{8BC9CEB8-8B4A-11D0-8D11-00A0C91BC942}") = "ModbusTCPTest", "ModbusTCPTest\ModbusTCPTest.vcxproj", "{3E21FAE5-3DBB-407D-BA0D-961D8437D542}"
EndProject
Global
	GlobalSection(SolutionConfigurationPlatforms) = preSolution
		Debug|Any CPU = Debug|Any CPU
		Debug|Mixed Platforms = Debug|Mixed Platforms
		Debug|Win32 = Debug|Win32
		Release|Any CPU = Release|Any CPU
		Release|Mixed Platforms = Release|Mixed Platforms
		Release|Win32 = Release|Win32
	EndGlobalSection
	GlobalSection(ProjectConfigurationPlatforms) = postSolution
		{D1087E57-DF8E-4CB9-8DD3-2D8B026D1BDC}.Debug|Any CPU.ActiveCfg = Debug|Win32
		{D1087E57-DF8E-4CB9-8DD3-2D8B026D1BDC}.Debug|Mixed Platforms.ActiveCfg = Debug|Win32
		{D1087E57-DF8E-4CB9-8DD3-2D8B026D1BDC}.Debug|Mixed Platforms.Build.0 = Debug|Win32
		{D1087E57-DF8E-4CB9-8DD3-2D8B026D1BDC}.Debug|Win32.ActiveCfg = Debug|Win32
		{D1087E57-DF8E-4CB9-8DD3-2D8B026D1BDC}.Debug|Win32.Build.0 = Debug|Win32
		{D1087E57-DF8E-4CB9-8DD3-2D8B026D1BDC}.Release|Any CPU.ActiveCfg = Release|Win32
		{D1087E57-DF8E-4CB9-8DD3-2D8B026D1BDC}.Release|Mixed Platforms.ActiveCfg = Release|Win32
		{D1087E57-DF8E-4CB9-8DD3-2D8B026D1BDC}.Release|Mixed Platforms.Build.0 = Release|Win32
		{D1087E57-DF8E-4CB9-8DD3-2D8B026D1BDC}.Release|Win32.ActiveCfg = Release|Win32
		{D1087E57-DF8E-4CB9-8DD3-2D8B026D1BDC}.Release|Win32.Build.0 = Release|Win32
		{00170E9A-F324-46FF-9FB5-6EB6B24B3829}.Debug|Any CPU.ActiveCfg = Debug|Win32
		{00170E9A-F324-46FF-9FB5-6EB6B24B3829}.Debug|Mixed Platforms.ActiveCfg = Debug|Win32
		{00170E9A-F324-46FF-9FB5-6EB6B24B3829}.Debug|Mixed Platforms.Build.0 = Debug|Win32
		{00170E9A-F324-46FF-9FB5-6EB6B24B3829}.Debug|Win32.ActiveCfg = Debug|Win32
		{00170E9A-F324-46FF-9FB5-6EB6B24B3829}.Debug|Win32.Build.0 = Debug|Win32
		{00170E9A-F324-46FF-9FB5-6EB6B24B3829}.Release|Any CPU.ActiveCfg = Release|Win32
		{00170E9A-F324-46FF-9FB5-6EB6B24B3829}.Release|Mixed Platforms.ActiveCfg = Release|Win32
		{00170E9A-F324-46FF-9FB5-6EB6B24B3829}.Release|Mixed Platforms.Build.0 = Release|Win32
		{00170E9A-F324-46FF-9FB5-6EB6B24B3829}.Release|Win32.ActiveCfg = Release|Win32
		{00170E9A-F324-46FF-9FB5-6EB6B24B3829}.Release|Win32.Build.0 = Release|Win32
		{3E21FAE5-3DBB-407D-BA0D-961D8437D542}.Debug|Any CPU.ActiveCfg = Debug|Win32
		{3E21FAE5-3DBB-407D-BA0D-961D8437D542}.Debug|Mixed Platforms.ActiveCfg = Debug|Win32
		{3E21FAE5-3DBB-407D-BA0D-961D8437D542}.Debug|Mixed Platforms.Build.0 = Debug|Win32
		{3E21FAE5-3DBB-407D-BA0D-961D8437D542}.Debug|Win32.ActiveCfg = Debug|Win32
		{3E21FAE5-3DBB-407D-BA0D-961D8437D542}.Debug|Win32.Build.0 = Debug|Win32
		{3E21FAE5-3DBB-407D-BA0D-961D8437D542}.Release|Any CPU.ActiveCfg = Release|Win32
		{3E21FAE5-3DBB-407D-BA0D-961D8437D542}.Release|Mixed Platforms.ActiveCfg = Release|Win32
		{3E21FAE5-3DBB-407D-BA0D-961D8437D542}.Release|Mixed Platforms.Build.0 = Release|Win32
		{3E21FAE5-3DBB-407D-BA0D-961D8437D542}.Release|Win32.ActiveCfg = Release|Win32
		{3E21FAE5-3DBB-407D-BA0D-961D8437D542}.Release|Win32.Build.0 = Release|Win32
	EndGlobalSection
	GlobalSection(SolutionProperties) = preSolution
		HideSolutionNode = FALSE
	EndGlobalSection
EndGlobal
